
Microsoft Visual Studio Solution File, Format Version 12.00
# Visual Studio Version 16
VisualStudioVersion = 16.0.31702.278
MinimumVisualStudioVersion = 10.0.40219.1
Project("{FAE04EC0-301F-11D3-BF4B-00C04F79EFBC}") = "Program1", "Program1\Program1.csproj", "{49EE0AFC-334A-4CD2-A274-4C53D3F58D73}"
EndProject
Global
	GlobalSection(SolutionConfigurationPlatforms) = preSolution
		Debug|Any CPU = Debug|Any CPU
		Release|Any CPU = Release|Any CPU
	EndGlobalSection
	GlobalSection(ProjectConfigurationPlatforms) = postSolution
		{49EE0AFC-334A-4CD2-A274-4C53D3F58D73}.Debug|Any CPU.ActiveCfg = Debug|Any CPU
		{49EE0AFC-334A-4CD2-A274-4C53D3F58D73}.Debug|Any CPU.Build.0 = Debug|Any CPU
		{49EE0AFC-334A-4CD2-A274-4C53D3F58D73}.Release|Any CPU.ActiveCfg = Release|Any CPU
		{49EE0AFC-334A-4CD2-A274-4C53D3F58D73}.Release|Any CPU.Build.0 = Release|Any CPU
	EndGlobalSection
	GlobalSection(SolutionProperties) = preSolution
		HideSolutionNode = FALSE
	EndGlobalSection
	GlobalSection(ExtensibilityGlobals) = postSolution
		SolutionGuid = {D1404C69-BEFD-494B-95D5-186A1E57294F}
	EndGlobalSection
EndGlobal
